Microsoft Visual Studio Solution File, Format Version 12.00
# Visual Studio Version 17
VisualStudioVersion = 17.2.32505.173
MinimumVisualStudioVersion = 10.0.40219.1
Project("{FAE04EC0-301F-11D3-BF4B-00C04F79EFBC}") = "Shop.Controller", "Shop.Controller\Shop.Controller.csproj", "{823714A8-8289-4A0C-8119-8CB6B7CE362E}"
EndProject
Project("{FAE04EC0-301F-11D3-BF4B-00C04F79EFBC}") = "Shop.Core", "Shop.Core\Shop.Core.csproj", "{F8ADFDDA-E479-4A07-9AA2-F1D498B2E04D}"
EndProject
Project("{FAE04EC0-301F-11D3-BF4B-00C04F79EFBC}") = "Shop.Infrastructure", "Shop.Infrastructure\Shop.Infrastructure.csproj", "{E7372F13-D711-4E92-94E4-1E1EA479CBD6}"
EndProject
Project("{FAE04EC0-301F-11D3-BF4B-00C04F79EFBC}") = "Shop.Service", "Shop.Service\Shop.Service.csproj", "{5DBAE8C4-F527-4405-AB48-EE172177D50A}"
EndProject
Global
	GlobalSection(SolutionConfigurationPlatforms) = preSolution
		Debug|Any CPU = Debug|Any CPU
		Debug|x64 = Debug|x64
		Debug|x86 = Debug|x86
		Release|Any CPU = Release|Any CPU
		Release|x64 = Release|x64
		Release|x86 = Release|x86
	EndGlobalSection
	GlobalSection(ProjectConfigurationPlatforms) = postSolution
		{823714A8-8289-4A0C-8119-8CB6B7CE362E}.Debug|Any CPU.ActiveCfg = Debug|Any CPU
		{823714A8-8289-4A0C-8119-8CB6B7CE362E}.Debug|Any CPU.Build.0 = Debug|Any CPU
		{823714A8-8289-4A0C-8119-8CB6B7CE362E}.Debug|x64.ActiveCfg = Debug|Any CPU
		{823714A8-8289-4A0C-8119-8CB6B7CE362E}.Debug|x64.Build.0 = Debug|Any CPU
		{823714A8-8289-4A0C-8119-8CB6B7CE362E}.Debug|x86.ActiveCfg = Debug|Any CPU
		{823714A8-8289-4A0C-8119-8CB6B7CE362E}.Debug|x86.Build.0 = Debug|Any CPU
		{823714A8-8289-4A0C-8119-8CB6B7CE362E}.Release|Any CPU.ActiveCfg = Release|Any CPU
		{823714A8-8289-4A0C-8119-8CB6B7CE362E}.Release|Any CPU.Build.0 = Release|Any CPU
		{823714A8-8289-4A0C-8119-8CB6B7CE362E}.Release|x64.ActiveCfg = Release|Any CPU
		{823714A8-8289-4A0C-8119-8CB6B7CE362E}.Release|x64.Build.0 = Release|Any CPU
		{823714A8-8289-4A0C-8119-8CB6B7CE362E}.Release|x86.ActiveCfg = Release|Any CPU
		{823714A8-8289-4A0C-8119-8CB6B7CE362E}.Release|x86.Build.0 = Release|Any CPU
		{F8ADFDDA-E479-4A07-9AA2-F1D498B2E04D}.Debug|Any CPU.ActiveCfg = Debug|Any CPU
		{F8ADFDDA-E479-4A07-9AA2-F1D498B2E04D}.Debug|Any CPU.Build.0 = Debug|Any CPU
		{F8ADFDDA-E479-4A07-9AA2-F1D498B2E04D}.Debug|x64.ActiveCfg = Debug|Any CPU
		{F8ADFDDA-E479-4A07-9AA2-F1D498B2E04D}.Debug|x64.Build.0 = Debug|Any CPU
		{F8ADFDDA-E479-4A07-9AA2-F1D498B2E04D}.Debug|x86.ActiveCfg = Debug|Any CPU
		{F8ADFDDA-E479-4A07-9AA2-F1D498B2E04D}.Debug|x86.Build.0 = Debug|Any CPU
		{F8ADFDDA-E479-4A07-9AA2-F1D498B2E04D}.Release|Any CPU.ActiveCfg = Release|Any CPU
		{F8ADFDDA-E479-4A07-9AA2-F1D498B2E04D}.Release|Any CPU.Build.0 = Release|Any CPU
		{F8ADFDDA-E479-4A07-9AA2-F1D498B2E04D}.Release|x64.ActiveCfg = Release|Any CPU
		{F8ADFDDA-E479-4A07-9AA2-F1D498B2E04D}.Release|x64.Build.0 = Release|Any CPU
		{F8ADFDDA-E479-4A07-9AA2-F1D498B2E04D}.Release|x86.ActiveCfg = Release|Any CPU
		{F8ADFDDA-E479-4A07-9AA2-F1D498B2E04D}.Release|x86.Build.0 = Release|Any CPU
		{E7372F13-D711-4E92-94E4-1E1EA479CBD6}.Debug|Any CPU.ActiveCfg = Debug|Any CPU
		{E7372F13-D711-4E92-94E4-1E1EA479CBD6}.Debug|Any CPU.Build.0 = Debug|Any CPU
		{E7372F13-D711-4E92-94E4-1E1EA479CBD6}.Debug|x64.ActiveCfg = Debug|Any CPU
		{E7372F13-D711-4E92-94E4-1E1EA479CBD6}.Debug|x64.Build.0 = Debug|Any CPU
		{E7372F13-D711-4E92-94E4-1E1EA479CBD6}.Debug|x86.ActiveCfg = Debug|Any CPU
		{E7372F13-D711-4E92-94E4-1E1EA479CBD6}.Debug|x86.Build.0 = Debug|Any CPU
		{E7372F13-D711-4E92-94E4-1E1EA479CBD6}.Release|Any CPU.ActiveCfg = Release|Any CPU
		{E7372F13-D711-4E92-94E4-1E1EA479CBD6}.Release|Any CPU.Build.0 = Release|Any CPU
		{E7372F13-D711-4E92-94E4-1E1EA479CBD6}.Release|x64.ActiveCfg = Release|Any CPU
		{E7372F13-D711-4E92-94E4-1E1EA479CBD6}.Release|x64.Build.0 = Release|Any CPU
		{E7372F13-D711-4E92-94E4-1E1EA479CBD6}.Release|x86.ActiveCfg = Release|Any CPU
		{E7372F13-D711-4E92-94E4-1E1EA479CBD6}.Release|x86.Build.0 = Release|Any CPU
		{5DBAE8C4-F527-4405-AB48-EE172177D50A}.Debug|Any CPU.ActiveCfg = Debug|Any CPU
		{5DBAE8C4-F527-4405-AB48-EE172177D50A}.Debug|Any CPU.Build.0 = Debug|Any CPU
		{5DBAE8C4-F527-4405-AB48-EE172177D50A}.Debug|x64.ActiveCfg = Debug|Any CPU
		{5DBAE8C4-F527-4405-AB48-EE172177D50A}.Debug|x64.Build.0 = Debug|Any CPU
		{5DBAE8C4-F527-4405-AB48-EE172177D50A}.Debug|x86.ActiveCfg = Debug|Any CPU
		{5DBAE8C4-F527-4405-AB48-EE172177D50A}.Debug|x86.Build.0 = Debug|Any CPU
		{5DBAE8C4-F527-4405-AB48-EE172177D50A}.Release|Any CPU.ActiveCfg = Release|Any CPU
		{5DBAE8C4-F527-4405-AB48-EE172177D50A}.Release|Any CPU.Build.0 = Release|Any CPU
		{5DBAE8C4-F527-4405-AB48-EE172177D50A}.Release|x64.ActiveCfg = Release|Any CPU
		{5DBAE8C4-F527-4405-AB48-EE172177D50A}.Release|x64.Build.0 = Release|Any CPU
		{5DBAE8C4-F527-4405-AB48-EE172177D50A}.Release|x86.ActiveCfg = Release|Any CPU
		{5DBAE8C4-F527-4405-AB48-EE172177D50A}.Release|x86.Build.0 = Release|Any CPU
	EndGlobalSection
EndGlobal
